
Microsoft Visual Studio Solution File, Format Version 12.00
# Visual Studio 14
VisualStudioVersion = 14.0.25420.1
MinimumVisualStudioVersion = 10.0.40219.1
Project("{FAE04EC0-301F-11D3-BF4B-00C04F79EFBC}") = "Blades.Core", "Blades.Core\Blades.Core.csproj", "{6285927E-88A7-4DDE-ADA4-2E389BE8BB2E}"
EndProject
Project("{FAE04EC0-301F-11D3-BF4B-00C04F79EFBC}") = "BladesStartUp", "BladesStartUp\BladesStartUp.csproj", "{74DA54E2-13AF-4516-B8A3-5654C0A42EE5}"
EndProject
Project("{FAE04EC0-301F-11D3-BF4B-00C04F79EFBC}") = "Blades.Web", "Blades.Web\Blades.Web.csproj", "{FC0E8F0B-D116-4ADD-8E7B-F531AF8F7727}"
EndProject
Project("{FAE04EC0-301F-11D3-BF4B-00C04F79EFBC}") = "Blades.Auth", "Blades.Auth\Blades.Auth.csproj", "{56B834FC-8D49-4C83-9B92-3AD6032BED4C}"
EndProject
Project("{FAE04EC0-301F-11D3-BF4B-00C04F79EFBC}") = "Blades.Es", "Blades.Es\Blades.Es.csproj", "{9136AC2A-607E-459B-883C-E4BD7D3E3775}"
EndProject
Project("{FAE04EC0-301F-11D3-BF4B-00C04F79EFBC}") = "Blades.DataStore", "Blades.DataStore\Blades.DataStore.csproj", "{0BCE5A0A-A774-4C3F-B8F9-3498CA3CCA3C}"
EndProject
Project("{FAE04EC0-301F-11D3-BF4B-00C04F79EFBC}") = "Blades.Commands", "Blades.Commands\Blades.Commands.csproj", "{84210193-08A8-4CB6-92DF-BB9447EB8E14}"
EndProject
Project("{FAE04EC0-301F-11D3-BF4B-00C04F79EFBC}") = "Blades.WebClient", "Blades.WebClient\Blades.WebClient.csproj", "{9916D2BA-12CE-4CA5-B3D8-D69981F506F2}"
EndProject
Project("{FAE04EC0-301F-11D3-BF4B-00C04F79EFBC}") = "BladesExStartup", "BladesExStartup\BladesExStartup.csproj", "{10B3587C-ED30-43D6-881E-EB03F979E9D2}"
EndProject
Project("{FAE04EC0-301F-11D3-BF4B-00C04F79EFBC}") = "BladesEx.Startup", "BladesEx.Startup\BladesEx.Startup.csproj", "{475E55A7-F01A-40A7-866A-6BAB69C79D61}"
EndProject
Project("{2150E333-8FDC-42A3-9474-1A3956D46DE8}") = "src", "src", "{55E35712-4485-474C-809D-0B002FCA9BE5}"
EndProject
Project("{8BB2217D-0F2D-49D1-97BC-3654ED321F3B}") = "Blades.Core", "src\Blades.Core\Blades.Core.xproj", "{EE466545-8A57-4D16-BCAF-52A4848F5C86}"
EndProject
Project("{8BB2217D-0F2D-49D1-97BC-3654ED321F3B}") = "Blades.Web", "src\Blades.Web\Blades.Web.xproj", "{C2164D79-E259-47C4-9B78-D46E0927F848}"
EndProject
Project("{8BB2217D-0F2D-49D1-97BC-3654ED321F3B}") = "Blades.Auth", "src\Blades.Auth\Blades.Auth.xproj", "{3EBE7CFF-5868-4A26-A35B-4056C9D95484}"
EndProject
Project("{2150E333-8FDC-42A3-9474-1A3956D46DE8}") = "startups", "startups", "{944AC9DE-60F4-47AD-BDA4-770EB498C9EB}"
EndProject
Project("{8BB2217D-0F2D-49D1-97BC-3654ED321F3B}") = "Console", "startups\Console\Console.xproj", "{24C20ED7-86DC-4936-9A96-95ED153B5E93}"
EndProject
Project("{8BB2217D-0F2D-49D1-97BC-3654ED321F3B}") = "Blades.WebClient", "src\Blades.WebClient\Blades.WebClient.xproj", "{0CE999D3-CCDA-4420-933E-47A4860F18D8}"
EndProject
Project("{8BB2217D-0F2D-49D1-97BC-3654ED321F3B}") = "BladesEx.Startup", "src\BladesEx.Startup\BladesEx.Startup.xproj", "{6AED4097-6984-40D3-8297-03124451932F}"
EndProject
Project("{2150E333-8FDC-42A3-9474-1A3956D46DE8}") = "Solution Items", "Solution Items", "{0B07D950-A714-42A8-A5F0-337843434B02}"
	ProjectSection(SolutionItems) = preProject
		global.json = global.json
	EndProjectSection
EndProject
Project("{8BB2217D-0F2D-49D1-97BC-3654ED321F3B}") = "ConsoleApp1", "startups\ConsoleApp1\ConsoleApp1.xproj", "{16E1FD01-4060-4E43-8031-C5230EA2EBB4}"
EndProject
Global
	GlobalSection(SolutionConfigurationPlatforms) = preSolution
		Debug|Any CPU = Debug|Any CPU
		Release|Any CPU = Release|Any CPU
	EndGlobalSection
	GlobalSection(ProjectConfigurationPlatforms) = postSolution
		{6285927E-88A7-4DDE-ADA4-2E389BE8BB2E}.Debug|Any CPU.ActiveCfg = Debug|Any CPU
		{6285927E-88A7-4DDE-ADA4-2E389BE8BB2E}.Debug|Any CPU.Build.0 = Debug|Any CPU
		{6285927E-88A7-4DDE-ADA4-2E389BE8BB2E}.Release|Any CPU.ActiveCfg = Release|Any CPU
		{6285927E-88A7-4DDE-ADA4-2E389BE8BB2E}.Release|Any CPU.Build.0 = Release|Any CPU
		{74DA54E2-13AF-4516-B8A3-5654C0A42EE5}.Debug|Any CPU.ActiveCfg = Debug|Any CPU
		{74DA54E2-13AF-4516-B8A3-5654C0A42EE5}.Debug|Any CPU.Build.0 = Debug|Any CPU
		{74DA54E2-13AF-4516-B8A3-5654C0A42EE5}.Release|Any CPU.ActiveCfg = Release|Any CPU
		{74DA54E2-13AF-4516-B8A3-5654C0A42EE5}.Release|Any CPU.Build.0 = Release|Any CPU
		{FC0E8F0B-D116-4ADD-8E7B-F531AF8F7727}.Debug|Any CPU.ActiveCfg = Debug|Any CPU
		{FC0E8F0B-D116-4ADD-8E7B-F531AF8F7727}.Debug|Any CPU.Build.0 = Debug|Any CPU
		{FC0E8F0B-D116-4ADD-8E7B-F531AF8F7727}.Release|Any CPU.ActiveCfg = Release|Any CPU
		{FC0E8F0B-D116-4ADD-8E7B-F531AF8F7727}.Release|Any CPU.Build.0 = Release|Any CPU
		{56B834FC-8D49-4C83-9B92-3AD6032BED4C}.Debug|Any CPU.ActiveCfg = Debug|Any CPU
		{56B834FC-8D49-4C83-9B92-3AD6032BED4C}.Debug|Any CPU.Build.0 = Debug|Any CPU
		{56B834FC-8D49-4C83-9B92-3AD6032BED4C}.Release|Any CPU.ActiveCfg = Release|Any CPU
		{56B834FC-8D49-4C83-9B92-3AD6032BED4C}.Release|Any CPU.Build.0 = Release|Any CPU
		{9136AC2A-607E-459B-883C-E4BD7D3E3775}.Debug|Any CPU.ActiveCfg = Debug|Any CPU
		{9136AC2A-607E-459B-883C-E4BD7D3E3775}.Debug|Any CPU.Build.0 = Debug|Any CPU
		{9136AC2A-607E-459B-883C-E4BD7D3E3775}.Release|Any CPU.ActiveCfg = Release|Any CPU
		{9136AC2A-607E-459B-883C-E4BD7D3E3775}.Release|Any CPU.Build.0 = Release|Any CPU
		{0BCE5A0A-A774-4C3F-B8F9-3498CA3CCA3C}.Debug|Any CPU.ActiveCfg = Debug|Any CPU
		{0BCE5A0A-A774-4C3F-B8F9-3498CA3CCA3C}.Debug|Any CPU.Build.0 = Debug|Any CPU
		{0BCE5A0A-A774-4C3F-B8F9-3498CA3CCA3C}.Release|Any CPU.ActiveCfg = Release|Any CPU
		{0BCE5A0A-A774-4C3F-B8F9-3498CA3CCA3C}.Release|Any CPU.Build.0 = Release|Any CPU
		{84210193-08A8-4CB6-92DF-BB9447EB8E14}.Debug|Any CPU.ActiveCfg = Debug|Any CPU
		{84210193-08A8-4CB6-92DF-BB9447EB8E14}.Debug|Any CPU.Build.0 = Debug|Any CPU
		{84210193-08A8-4CB6-92DF-BB9447EB8E14}.Release|Any CPU.ActiveCfg = Release|Any CPU
		{84210193-08A8-4CB6-92DF-BB9447EB8E14}.Release|Any CPU.Build.0 = Release|Any CPU
		{9916D2BA-12CE-4CA5-B3D8-D69981F506F2}.Debug|Any CPU.ActiveCfg = Debug|Any CPU
		{9916D2BA-12CE-4CA5-B3D8-D69981F506F2}.Debug|Any CPU.Build.0 = Debug|Any CPU
		{9916D2BA-12CE-4CA5-B3D8-D69981F506F2}.Release|Any CPU.ActiveCfg = Release|Any CPU
		{9916D2BA-12CE-4CA5-B3D8-D69981F506F2}.Release|Any CPU.Build.0 = Release|Any CPU
		{10B3587C-ED30-43D6-881E-EB03F979E9D2}.Debug|Any CPU.ActiveCfg = Debug|Any CPU
		{10B3587C-ED30-43D6-881E-EB03F979E9D2}.Debug|Any CPU.Build.0 = Debug|Any CPU
		{10B3587C-ED30-43D6-881E-EB03F979E9D2}.Release|Any CPU.ActiveCfg = Release|Any CPU
		{10B3587C-ED30-43D6-881E-EB03F979E9D2}.Release|Any CPU.Build.0 = Release|Any CPU
		{475E55A7-F01A-40A7-866A-6BAB69C79D61}.Debug|Any CPU.ActiveCfg = Debug|Any CPU
		{475E55A7-F01A-40A7-866A-6BAB69C79D61}.Debug|Any CPU.Build.0 = Debug|Any CPU
		{475E55A7-F01A-40A7-866A-6BAB69C79D61}.Release|Any CPU.ActiveCfg = Release|Any CPU
		{475E55A7-F01A-40A7-866A-6BAB69C79D61}.Release|Any CPU.Build.0 = Release|Any CPU
		{EE466545-8A57-4D16-BCAF-52A4848F5C86}.Debug|Any CPU.ActiveCfg = Debug|Any CPU
		{EE466545-8A57-4D16-BCAF-52A4848F5C86}.Debug|Any CPU.Build.0 = Debug|Any CPU
		{EE466545-8A57-4D16-BCAF-52A4848F5C86}.Release|Any CPU.ActiveCfg = Release|Any CPU
		{EE466545-8A57-4D16-BCAF-52A4848F5C86}.Release|Any CPU.Build.0 = Release|Any CPU
		{C2164D79-E259-47C4-9B78-D46E0927F848}.Debug|Any CPU.ActiveCfg = Debug|Any CPU
		{C2164D79-E259-47C4-9B78-D46E0927F848}.Debug|Any CPU.Build.0 = Debug|Any CPU
		{C2164D79-E259-47C4-9B78-D46E0927F848}.Release|Any CPU.ActiveCfg = Release|Any CPU
		{C2164D79-E259-47C4-9B78-D46E0927F848}.Release|Any CPU.Build.0 = Release|Any CPU
		{3EBE7CFF-5868-4A26-A35B-4056C9D95484}.Debug|Any CPU.ActiveCfg = Debug|Any CPU
		{3EBE7CFF-5868-4A26-A35B-4056C9D95484}.Debug|Any CPU.Build.0 = Debug|Any CPU
		{3EBE7CFF-5868-4A26-A35B-4056C9D95484}.Release|Any CPU.ActiveCfg = Release|Any CPU
		{3EBE7CFF-5868-4A26-A35B-4056C9D95484}.Release|Any CPU.Build.0 = Release|Any CPU
		{24C20ED7-86DC-4936-9A96-95ED153B5E93}.Debug|Any CPU.ActiveCfg = Debug|Any CPU
		{24C20ED7-86DC-4936-9A96-95ED153B5E93}.Debug|Any CPU.Build.0 = Debug|Any CPU
		{24C20ED7-86DC-4936-9A96-95ED153B5E93}.Release|Any CPU.ActiveCfg = Release|Any CPU
		{24C20ED7-86DC-4936-9A96-95ED153B5E93}.Release|Any CPU.Build.0 = Release|Any CPU
		{0CE999D3-CCDA-4420-933E-47A4860F18D8}.Debug|Any CPU.ActiveCfg = Debug|Any CPU
		{0CE999D3-CCDA-4420-933E-47A4860F18D8}.Debug|Any CPU.Build.0 = Debug|Any CPU
		{0CE999D3-CCDA-4420-933E-47A4860F18D8}.Release|Any CPU.ActiveCfg = Release|Any CPU
		{0CE999D3-CCDA-4420-933E-47A4860F18D8}.Release|Any CPU.Build.0 = Release|Any CPU
		{6AED4097-6984-40D3-8297-03124451932F}.Debug|Any CPU.ActiveCfg = Debug|Any CPU
		{6AED4097-6984-40D3-8297-03124451932F}.Debug|Any CPU.Build.0 = Debug|Any CPU
		{6AED4097-6984-40D3-8297-03124451932F}.Release|Any CPU.ActiveCfg = Release|Any CPU
		{6AED4097-6984-40D3-8297-03124451932F}.Release|Any CPU.Build.0 = Release|Any CPU
		{16E1FD01-4060-4E43-8031-C5230EA2EBB4}.Debug|Any CPU.ActiveCfg = Debug|Any CPU
		{16E1FD01-4060-4E43-8031-C5230EA2EBB4}.Debug|Any CPU.Build.0 = Debug|Any CPU
		{16E1FD01-4060-4E43-8031-C5230EA2EBB4}.Release|Any CPU.ActiveCfg = Release|Any CPU
		{16E1FD01-4060-4E43-8031-C5230EA2EBB4}.Release|Any CPU.Build.0 = Release|Any CPU
	EndGlobalSection
	GlobalSection(SolutionProperties) = preSolution
		HideSolutionNode = FALSE
	EndGlobalSection
	GlobalSection(NestedProjects) = preSolution
		{EE466545-8A57-4D16-BCAF-52A4848F5C86} = {55E35712-4485-474C-809D-0B002FCA9BE5}
		{C2164D79-E259-47C4-9B78-D46E0927F848} = {55E35712-4485-474C-809D-0B002FCA9BE5}
		{3EBE7CFF-5868-4A26-A35B-4056C9D95484} = {55E35712-4485-474C-809D-0B002FCA9BE5}
		{24C20ED7-86DC-4936-9A96-95ED153B5E93} = {944AC9DE-60F4-47AD-BDA4-770EB498C9EB}
		{0CE999D3-CCDA-4420-933E-47A4860F18D8} = {55E35712-4485-474C-809D-0B002FCA9BE5}
		{6AED4097-6984-40D3-8297-03124451932F} = {55E35712-4485-474C-809D-0B002FCA9BE5}
		{16E1FD01-4060-4E43-8031-C5230EA2EBB4} = {944AC9DE-60F4-47AD-BDA4-770EB498C9EB}
	EndGlobalSection
EndGlobal
